git.gammaspectra.live/P2Pool/consensus/v4 v4.6.0 h1:Men50wtj8Lc+EVJkS9KCEZOqDW4qL0xMZvqXI+k1+JA=
git.gammaspectra.live/P2Pool/consensus/v4 v4.6.0/go.mod h1:LRBuocDGIjvsIMbG6pOSiOMzIMg3bTG2qdKPRRlR9bs=
git.gammaspectra.live/P2Pool/edwards25519 v0.0.0-20250621105958-76afb56a7fa0 h1:kYRne17BdzTjtXk7EY74zoKUziwEiyqih9c7OKstSiU=
git.gammaspectra.live/P2Pool/edwards25519 v0.0.0-20250621105958-76afb56a7fa0/go.mod h1:FZsrMWGucMP3SZamzrd7m562geIs5zp1O/9MGoiAKH0=
git.gammaspectra.live/P2Pool/go-json v0.0.0-20250621110326-6e32b22271c3 h1:WWvaMmjJ4ThS2d0Lg+nNspkmDb3pS39VPv0PGum9NRo=
git.gammaspectra.live/P2Pool/go-json v0.0.0-20250621110326-6e32b22271c3/go.mod h1:X9PvT0fmWrU1I+BiDUjMypUWdsWFm24QCW1sWxbzT8w=
git.gammaspectra.live/P2Pool/go-randomx/v4 v4.2.1 h1:3rdC53+0Z3xFHnD+8dcBJg1vcQg1UHQBj0D0rDTydgk=
git.gammaspectra.live/P2Pool/go-randomx/v4 v4.2.1/go.mod h1:+v16vJj1vJnzdPFetKHTHajIEvdIMktb/vIqqO2jRyo=
git.gammaspectra.live/P2Pool/randomx-go-bindings v1.0.0 h1:tajr4QFSPrb8NtHmU14JaXdhr+z+0RbOBLIgUDI5Tow=
git.gammaspectra.live/P2Pool/randomx-go-bindings v1.0.0/go.mod h1:S17NNidG5hxqaVLsSykKqDBg/hTPSzP0KcSwXfH8WIA=
git.gammaspectra.live/P2Pool/sha3 v0.17.0 h1:CZpB466LPbNVQrUNjQTtQScGDc30xSMkZ6Bmw0W9VuM=
git.gammaspectra.live/P2Pool/sha3 v0.17.0/go.mod h1:HmrrYa97BZTKklUk2n/wAY+wrY0gHhoSGRd2+lIqXq8=
git.gammaspectra.live/P2Pool/softfloat64 v1.0.1 h1:aEluzcRqCzwFaBy9PPC+HVcS8GRoSH4qzv3NHTunxhc=
git.gammaspectra.live/P2Pool/softfloat64 v1.0.1/go.mod h1:ZhnGqXOS6F6aJpiiT38Cvk5eHoBNqjkKfp3w3AcnomA=
github.com/goccy/go-yaml v1.18.0 h1:8W7wMFS12Pcas7KU+VVkaiCng+kG8QiFeFwzFb+rwuw=
github.com/goccy/go-yaml v1.18.0/go.mod h1:XBurs7gK8ATbW4ZPGKgcbrY1Br56PdM69F7LkFRi1kA=
github.com/google/go-cmp v0.6.0 h1:ofyhxvXcZhMsU5ulbFiLKl/XBFqE1GSq7atu8tAmTRI=
github.com/google/go-cmp v0.6.0/go.mod h1:17dUlkBOakJ0+DkrSSNjCkIjxS6bF9zb3elmeNGIjoY=
github.com/hashicorp/golang-lru/v2 v2.0.7 h1:a+bsQ5rvGLjzHuww6tVxozPZFVghXaHOwFs4luLUK2k=
github.com/hashicorp/golang-lru/v2 v2.0.7/go.mod h1:QeFd9opnmA6QUJc5vARoKUSoFhyfM2/ZepoAG6RGpeM=
github.com/miekg/dns v1.1.68 h1:jsSRkNozw7G/mnmXULynzMNIsgY2dHC8LO6U6Ij2JEA=
github.com/miekg/dns v1.1.68/go.mod h1:fujopn7TB3Pu3JM69XaawiU0wqjpL9/8xGop5UrTPps=
github.com/tmthrgd/go-hex v0.0.0-20190904060850-447a3041c3bc h1:9lRDQMhESg+zvGYmW5DyG0UqvY96Bu5QYsTLvCHdrgo=
github.com/tmthrgd/go-hex v0.0.0-20190904060850-447a3041c3bc/go.mod h1:bciPuU6GHm1iF1pBvUfxfsH0Wmnc2VbpgvbI9ZWuIRs=
golang.org/x/crypto v0.41.0 h1:WKYxWedPGCTVVl5+WHSSrOBT0O8lx32+zxmHxijgXp4=
golang.org/x/crypto v0.41.0/go.mod h1:pO5AFd7FA68rFak7rOAGVuygIISepHftHnr8dr6+sUc=
golang.org/x/mod v0.27.0 h1:kb+q2PyFnEADO2IEF935ehFUXlWiNjJWtRNgBLSfbxQ=
golang.org/x/mod v0.27.0/go.mod h1:rWI627Fq0DEoudcK+MBkNkCe0EetEaDSwJJkCcjpazc=
golang.org/x/net v0.43.0 h1:lat02VYK2j4aLzMzecihNvTlJNQUq316m2Mr9rnM6YE=
golang.org/x/net v0.43.0/go.mod h1:vhO1fvI4dGsIjh73sWfUVjj3N7CA9WkKJNQm2svM6Jg=
golang.org/x/sync v0.16.0 h1:ycBJEhp9p4vXvUZNszeOq0kGTPghopOL8q0fq3vstxw=
golang.org/x/sync v0.16.0/go.mod h1:1dzgHSNfp02xaA81J2MS99Qcpr2w7fw1gpm99rleRqA=
golang.org/x/sys v0.35.0 h1:vz1N37gP5bs89s7He8XuIYXpyY0+QlsKmzipCbUtyxI=
golang.org/x/sys v0.35.0/go.mod h1:BJP2sWEmIv4KK5OTEluFJCKSidICx8ciO85XgH3Ak8k=
golang.org/x/tools v0.36.0 h1:kWS0uv/zsvHEle1LbV5LE8QujrxB3wfQyxHfhOk0Qkg=
golang.org/x/tools v0.36.0/go.mod h1:WBDiHKJK8YgLHlcQPYQzNCkUxUypCaa5ZegCVutKm+s=
lukechampine.com/uint128 v1.3.0 h1:cDdUVfRwDUDovz610ABgFD17nXD4/uDgVHl2sC3+sbo=
lukechampine.com/uint128 v1.3.0/go.mod h1:c4eWIwlEGaxC/+H1VguhU4PHXNWDCDMUlWdIWl2j1gk=
